
Microsoft Visual Studio Solution File, Format Version 12.00
# Visual Studio Version 16
VisualStudioVersion = 16.0.30804.86
MinimumVisualStudioVersion = 10.0.40219.1
Project("{FAE04EC0-301F-11D3-BF4B-00C04F79EFBC}") = "IS307.Android", "IS307\IS307.Android\IS307.Android.csproj", "{0C387A32-B699-4C3C-B165-D3CDFB6B556C}"
EndProject
Project("{9A19103F-16F7-4668-BE54-9A1E7A4F7556}") = "IS307", "IS307\IS307\IS307.csproj", "{658848CE-97AF-4722-BD4C-DAFFD7003AC9}"
EndProject
Project("{FAE04EC0-301F-11D3-BF4B-00C04F79EFBC}") = "IS307.iOS", "IS307\IS307.iOS\IS307.iOS.csproj", "{BEF08A73-1749-4569-8A6A-877C49D44BE1}"
EndProject
Global
	GlobalSection(SolutionConfigurationPlatforms) = preSolution
		Debug|Any CPU = Debug|Any CPU
		Debug|iPhone = Debug|iPhone
		Debug|iPhoneSimulator = Debug|iPhoneSimulator
		Release|Any CPU = Release|Any CPU
		Release|iPhone = Release|iPhone
		Release|iPhoneSimulator = Release|iPhoneSimulator
	EndGlobalSection
	GlobalSection(ProjectConfigurationPlatforms) = postSolution
		{0C387A32-B699-4C3C-B165-D3CDFB6B556C}.Debug|Any CPU.ActiveCfg = Debug|Any CPU
		{0C387A32-B699-4C3C-B165-D3CDFB6B556C}.Debug|Any CPU.Build.0 = Debug|Any CPU
		{0C387A32-B699-4C3C-B165-D3CDFB6B556C}.Debug|Any CPU.Deploy.0 = Debug|Any CPU
		{0C387A32-B699-4C3C-B165-D3CDFB6B556C}.Debug|iPhone.ActiveCfg = Debug|Any CPU
		{0C387A32-B699-4C3C-B165-D3CDFB6B556C}.Debug|iPhone.Build.0 = Debug|Any CPU
		{0C387A32-B699-4C3C-B165-D3CDFB6B556C}.Debug|iPhone.Deploy.0 = Debug|Any CPU
		{0C387A32-B699-4C3C-B165-D3CDFB6B556C}.Debug|iPhoneSimulator.ActiveCfg = Debug|Any CPU
		{0C387A32-B699-4C3C-B165-D3CDFB6B556C}.Debug|iPhoneSimulator.Build.0 = Debug|Any CPU
		{0C387A32-B699-4C3C-B165-D3CDFB6B556C}.Debug|iPhoneSimulator.Deploy.0 = Debug|Any CPU
		{0C387A32-B699-4C3C-B165-D3CDFB6B556C}.Release|Any CPU.ActiveCfg = Release|Any CPU
		{0C387A32-B699-4C3C-B165-D3CDFB6B556C}.Release|Any CPU.Build.0 = Release|Any CPU
		{0C387A32-B699-4C3C-B165-D3CDFB6B556C}.Release|Any CPU.Deploy.0 = Release|Any CPU
		{0C387A32-B699-4C3C-B165-D3CDFB6B556C}.Release|iPhone.ActiveCfg = Release|Any CPU
		{0C387A32-B699-4C3C-B165-D3CDFB6B556C}.Release|iPhone.Build.0 = Release|Any CPU
		{0C387A32-B699-4C3C-B165-D3CDFB6B556C}.Release|iPhone.Deploy.0 = Release|Any CPU
		{0C387A32-B699-4C3C-B165-D3CDFB6B556C}.Release|iPhoneSimulator.ActiveCfg = Release|Any CPU
		{0C387A32-B699-4C3C-B165-D3CDFB6B556C}.Release|iPhoneSimulator.Build.0 = Release|Any CPU
		{0C387A32-B699-4C3C-B165-D3CDFB6B556C}.Release|iPhoneSimulator.Deploy.0 = Release|Any CPU
		{658848CE-97AF-4722-BD4C-DAFFD7003AC9}.Debug|Any CPU.ActiveCfg = Debug|Any CPU
		{658848CE-97AF-4722-BD4C-DAFFD7003AC9}.Debug|Any CPU.Build.0 = Debug|Any CPU
		{658848CE-97AF-4722-BD4C-DAFFD7003AC9}.Debug|Any CPU.Deploy.0 = Debug|Any CPU
		{658848CE-97AF-4722-BD4C-DAFFD7003AC9}.Debug|iPhone.ActiveCfg = Debug|Any CPU
		{658848CE-97AF-4722-BD4C-DAFFD7003AC9}.Debug|iPhone.Build.0 = Debug|Any CPU
		{658848CE-97AF-4722-BD4C-DAFFD7003AC9}.Debug|iPhone.Deploy.0 = Debug|Any CPU
		{658848CE-97AF-4722-BD4C-DAFFD7003AC9}.Debug|iPhoneSimulator.ActiveCfg = Debug|Any CPU
		{658848CE-97AF-4722-BD4C-DAFFD7003AC9}.Debug|iPhoneSimulator.Build.0 = Debug|Any CPU
		{658848CE-97AF-4722-BD4C-DAFFD7003AC9}.Debug|iPhoneSimulator.Deploy.0 = Debug|Any CPU
		{658848CE-97AF-4722-BD4C-DAFFD7003AC9}.Release|Any CPU.ActiveCfg = Release|Any CPU
		{658848CE-97AF-4722-BD4C-DAFFD7003AC9}.Release|Any CPU.Build.0 = Release|Any CPU
		{658848CE-97AF-4722-BD4C-DAFFD7003AC9}.Release|Any CPU.Deploy.0 = Release|Any CPU
		{658848CE-97AF-4722-BD4C-DAFFD7003AC9}.Release|iPhone.ActiveCfg = Release|Any CPU
		{658848CE-97AF-4722-BD4C-DAFFD7003AC9}.Release|iPhone.Build.0 = Release|Any CPU
		{658848CE-97AF-4722-BD4C-DAFFD7003AC9}.Release|iPhone.Deploy.0 = Release|Any CPU
		{658848CE-97AF-4722-BD4C-DAFFD7003AC9}.Release|iPhoneSimulator.ActiveCfg = Release|Any CPU
		{658848CE-97AF-4722-BD4C-DAFFD7003AC9}.Release|iPhoneSimulator.Build.0 = Release|Any CPU
		{658848CE-97AF-4722-BD4C-DAFFD7003AC9}.Release|iPhoneSimulator.Deploy.0 = Release|Any CPU
		{BEF08A73-1749-4569-8A6A-877C49D44BE1}.Debug|Any CPU.ActiveCfg = Debug|iPhoneSimulator
		{BEF08A73-1749-4569-8A6A-877C49D44BE1}.Debug|iPhone.ActiveCfg = Debug|iPhone
		{BEF08A73-1749-4569-8A6A-877C49D44BE1}.Debug|iPhone.Build.0 = Debug|iPhone
		{BEF08A73-1749-4569-8A6A-877C49D44BE1}.Debug|iPhoneSimulator.ActiveCfg = Debug|iPhoneSimulator
		{BEF08A73-1749-4569-8A6A-877C49D44BE1}.Debug|iPhoneSimulator.Build.0 = Debug|iPhoneSimulator
		{BEF08A73-1749-4569-8A6A-877C49D44BE1}.Release|Any CPU.ActiveCfg = Release|iPhoneSimulator
		{BEF08A73-1749-4569-8A6A-877C49D44BE1}.Release|iPhone.ActiveCfg = Release|iPhone
		{BEF08A73-1749-4569-8A6A-877C49D44BE1}.Release|iPhone.Build.0 = Release|iPhone
		{BEF08A73-1749-4569-8A6A-877C49D44BE1}.Release|iPhoneSimulator.ActiveCfg = Release|iPhoneSimulator
		{BEF08A73-1749-4569-8A6A-877C49D44BE1}.Release|iPhoneSimulator.Build.0 = Release|iPhoneSimulator
	EndGlobalSection
	GlobalSection(SolutionProperties) = preSolution
		HideSolutionNode = FALSE
	EndGlobalSection
	GlobalSection(ExtensibilityGlobals) = postSolution
		SolutionGuid = {85512951-C52D-42A6-8FA5-CDA06062540F}
	EndGlobalSection
EndGlobal
